<?xml version="1.0" encoding="utf-8"?>
<Project ToolsVersion="4.0" xmlns="http://schemas.microsoft.com/developer/msbuild/2003">
  <ItemGroup>
    <Filter Include="Source Files">
      <UniqueIdentifier>{4FC737F1-C7A5-4376-A066-2A32D752A2FF}</UniqueIdentifier>
      <Extensions>cpp;c;cc;cxx;def;odl;idl;hpj;bat;asm;asmx</Extensions>
    </Filter>
    <Filter Include="Header Files">
      <UniqueIdentifier>{93995380-89BD-4b04-88EB-625FBE52EBFB}</UniqueIdentifier>
      <Extensions>h;hh;hpp;hxx;hm;inl;inc;ipp;xsd</Extensions>
    </Filter>
    <Filter Include="Resource Files">
      <UniqueIdentifier>{67DA6AB6-F800-4c08-8B7A-83BB121AAD01}</UniqueIdentifier>
      <Extensions>rc;ico;cur;bmp;dlg;rc2;rct;bin;rgs;gif;jpg;jpeg;jpe;resx;tiff;tif;png;wav;mfcribbon-ms</Extensions>
    </Filter>
    <Filter Include="Header Files\Common">
      <UniqueIdentifier>{59a27f9d-e40e-4b1a-840f-a729be47aad2}</UniqueIdentifier>
    </Filter>
    <Filter Include="Source Files\Packets">
      <UniqueIdentifier>{927cb4bd-7dc2-4dad-9f74-503792e38b26}</UniqueIdentifier>
    </Filter>
    <Filter Include="Source Files\Common">
      <UniqueIdentifier>{11bb038c-e1cc-4f2e-931f-d56104a9d6b8}</UniqueIdentifier>
    </Filter>
    <Filter Include="Header Files\AntiBot">
      <UniqueIdentifier>{bafed18e-d05e-479f-a859-620a4be9cffe}</UniqueIdentifier>
    </Filter>
    <Filter Include="Source Files\AntiBot">
      <UniqueIdentifier>{9127dd13-2374-4667-83c8-afa7fcb3494d}</UniqueIdentifier>
    </Filter>
    <Filter Include="Source Files\Events">
      <UniqueIdentifier>{a3bbf643-922c-454a-b0e4-f3d9533cce6b}</UniqueIdentifier>
    </Filter>
    <Filter Include="Header Files\Event">
      <UniqueIdentifier>{ec40726e-d627-4494-8ef5-8b7e6c92db7e}</UniqueIdentifier>
    </Filter>
    <Filter Include="Source Files\Items">
      <UniqueIdentifier>{53b92262-b6dc-4302-85de-bbafa45c0fb5}</UniqueIdentifier>
    </Filter>
  </ItemGroup>
  <ItemGroup>
    <ClInclude Include="..\..\Common\ItemEffect.h">
      <Filter>Header Files\Common</Filter>
    </ClInclude>
    <ClInclude Include="..\..\Common\KeyTable.h">
      <Filter>Header Files\Common</Filter>
    </ClInclude>
    <ClInclude Include="..\..\Common\stBase.h">
      <Filter>Header Files\Common</Filter>
    </ClInclude>
    <ClInclude Include="Basedef.h">
      <Filter>Header Files</Filter>
    </ClInclude>
    <ClInclude Include="CMob.h">
      <Filter>Header Files</Filter>
    </ClInclude>
    <ClInclude Include="CNPCGener.h">
      <Filter>Header Files</Filter>
    </ClInclude>
    <ClInclude Include="cServer.h">
      <Filter>Header Files</Filter>
    </ClInclude>
    <ClInclude Include="CUser.h">
      <Filter>Header Files</Filter>
    </ClInclude>
    <ClInclude Include="EncDec.h">
      <Filter>Header Files</Filter>
    </ClInclude>
    <ClInclude Include="GetFunc.h">
      <Filter>Header Files</Filter>
    </ClInclude>
    <ClInclude Include="resource.h">
      <Filter>Header Files</Filter>
    </ClInclude>
    <ClInclude Include="SendFunc.h">
      <Filter>Header Files</Filter>
    </ClInclude>
    <ClInclude Include="Socket.h">
      <Filter>Header Files</Filter>
    </ClInclude>
    <ClInclude Include="MessageSender.h">
      <Filter>Header Files</Filter>
    </ClInclude>
    <ClInclude Include="..\..\Common\UOD_SEHTranslator.h">
      <Filter>Header Files</Filter>
    </ClInclude>
    <ClInclude Include="..\..\Common\pugixml.hpp">
      <Filter>Header Files\Common</Filter>
    </ClInclude>
    <ClInclude Include="AntiBot.h">
      <Filter>Header Files\AntiBot</Filter>
    </ClInclude>
    <ClInclude Include="AntiBotPacketGenerator.h">
      <Filter>Header Files\AntiBot</Filter>
    </ClInclude>
    <ClInclude Include="AntiBotPacketTest.h">
      <Filter>Header Files\AntiBot</Filter>
    </ClInclude>
    <ClInclude Include="..\..\Common\UOD_GUID.h">
      <Filter>Header Files</Filter>
    </ClInclude>
    <ClInclude Include="..\..\Common\UOD_CRC32.h">
      <Filter>Header Files\Common</Filter>
    </ClInclude>
    <ClInclude Include="UOD_Event.h">
      <Filter>Header Files\Event</Filter>
    </ClInclude>
    <ClInclude Include="UOD_DuelLetter.h">
      <Filter>Header Files\Event</Filter>
    </ClInclude>
    <ClInclude Include="UOD_EventManager.h">
      <Filter>Header Files\Event</Filter>
    </ClInclude>
    <ClInclude Include="resource1.h">
      <Filter>Header Files</Filter>
    </ClInclude>
    <ClInclude Include="UOD_Quiz.h">
      <Filter>Header Files\Event</Filter>
    </ClInclude>
    <ClInclude Include="UOD_ChristmasTree.h">
      <Filter>Header Files\Event</Filter>
    </ClInclude>
    <ClInclude Include="UOD_ChristmasMission.h">
      <Filter>Header Files\Event</Filter>
    </ClInclude>
    <ClInclude Include="UOD_BossEvent.h">
      <Filter>Header Files\Event</Filter>
    </ClInclude>
    <ClInclude Include="UOD_Arena.h">
      <Filter>Header Files\Event</Filter>
    </ClInclude>
    <ClInclude Include="UOD_Mission.h">
      <Filter>Header Files\Event</Filter>
    </ClInclude>
    <ClInclude Include="UOD_PreWarBoss.h">
      <Filter>Header Files\Event</Filter>
    </ClInclude>
    <ClInclude Include="UOD_DroplistGenerator.h">
      <Filter>Header Files</Filter>
    </ClInclude>
    <ClInclude Include="..\..\Common\UOD_Log.h">
      <Filter>Header Files</Filter>
    </ClInclude>
    <ClInclude Include="ItemsAction.h">
      <Filter>Header Files</Filter>
    </ClInclude>
    <ClInclude Include="UOD_HappyHarvest.h">
      <Filter>Header Files\Event</Filter>
    </ClInclude>
  </ItemGroup>
  <ItemGroup>
    <ClCompile Include="AddMessage DB.cpp">
      <Filter>Source Files</Filter>
    </ClCompile>
    <ClCompile Include="AddMessage.cpp">
      <Filter>Source Files</Filter>
    </ClCompile>
    <ClCompile Include="Basedef.cpp">
      <Filter>Source Files</Filter>
    </ClCompile>
    <ClCompile Include="ChangeServer.cpp">
      <Filter>Source Files</Filter>
    </ClCompile>
    <ClCompile Include="CMob.cpp">
      <Filter>Source Files</Filter>
    </ClCompile>
    <ClCompile Include="CNPCGener.cpp">
      <Filter>Source Files</Filter>
    </ClCompile>
    <ClCompile Include="Connect.cpp">
      <Filter>Source Files</Filter>
    </ClCompile>
    <ClCompile Include="Create.cpp">
      <Filter>Source Files</Filter>
    </ClCompile>
    <ClCompile Include="cServer.cpp">
      <Filter>Source Files</Filter>
    </ClCompile>
    <ClCompile Include="CUser.cpp">
      <Filter>Source Files</Filter>
    </ClCompile>
    <ClCompile Include="Decrypt.cpp">
      <Filter>Source Files</Filter>
    </ClCompile>
    <ClCompile Include="Encrypt.cpp">
      <Filter>Source Files</Filter>
    </ClCompile>
    <ClCompile Include="GetCharInfo.cpp">
      <Filter>Source Files</Filter>
    </ClCompile>
    <ClCompile Include="GetFunc.cpp">
      <Filter>Source Files</Filter>
    </ClCompile>
    <ClCompile Include="GuildInfo.cpp">
      <Filter>Source Files</Filter>
    </ClCompile>
    <ClCompile Include="main.cpp">
      <Filter>Source Files</Filter>
    </ClCompile>
    <ClCompile Include="MainWndProc.cpp">
      <Filter>Source Files</Filter>
    </ClCompile>
    <ClCompile Include="PacketControl.cpp">
      <Filter>Source Files</Filter>
    </ClCompile>
    <ClCompile Include="ProcessTimer.cpp">
      <Filter>Source Files</Filter>
    </ClCompile>
    <ClCompile Include="ReadMessage DB.cpp">
      <Filter>Source Files</Filter>
    </ClCompile>
    <ClCompile Include="ReadMessage.cpp">
      <Filter>Source Files</Filter>
    </ClCompile>
    <ClCompile Include="ResendCharList.cpp">
      <Filter>Source Files</Filter>
    </ClCompile>
    <ClCompile Include="SendCharList.cpp">
      <Filter>Source Files</Filter>
    </ClCompile>
    <ClCompile Include="SendCharToWorld.cpp">
      <Filter>Source Files</Filter>
    </ClCompile>
    <ClCompile Include="SendFunc.cpp">
      <Filter>Source Files</Filter>
    </ClCompile>
    <ClCompile Include="SendNumericToken.cpp">
      <Filter>Source Files</Filter>
    </ClCompile>
    <ClCompile Include="WindowsForm.cpp">
      <Filter>Source Files</Filter>
    </ClCompile>
    <ClCompile Include="RequestAcceptParty.cpp">
      <Filter>Source Files\Packets</Filter>
    </ClCompile>
    <ClCompile Include="RequestAction.cpp">
      <Filter>Source Files\Packets</Filter>
    </ClCompile>
    <ClCompile Include="RequestAddParty.cpp">
      <Filter>Source Files\Packets</Filter>
    </ClCompile>
    <ClCompile Include="RequestAddPoint.cpp">
      <Filter>Source Files\Packets</Filter>
    </ClCompile>
    <ClCompile Include="RequestAgatha.cpp">
      <Filter>Source Files\Packets</Filter>
    </ClCompile>
    <ClCompile Include="RequestAlly.cpp">
      <Filter>Source Files\Packets</Filter>
    </ClCompile>
    <ClCompile Include="RequestAttack.cpp">
      <Filter>Source Files\Packets</Filter>
    </ClCompile>
    <ClCompile Include="RequestAylin.cpp">
      <Filter>Source Files\Packets</Filter>
    </ClCompile>
    <ClCompile Include="RequestBlockItems.cpp">
      <Filter>Source Files\Packets</Filter>
    </ClCompile>
    <ClCompile Include="RequestBuyAutoTrade.cpp">
      <Filter>Source Files\Packets</Filter>
    </ClCompile>
    <ClCompile Include="RequestBuyDonateShop.cpp">
      <Filter>Source Files\Packets</Filter>
    </ClCompile>
    <ClCompile Include="RequestBuyShop.cpp">
      <Filter>Source Files\Packets</Filter>
    </ClCompile>
    <ClCompile Include="RequestChallange.cpp">
      <Filter>Source Files\Packets</Filter>
    </ClCompile>
    <ClCompile Include="RequestChangeCity.cpp">
      <Filter>Source Files\Packets</Filter>
    </ClCompile>
    <ClCompile Include="RequestChangeSkillBar.cpp">
      <Filter>Source Files\Packets</Filter>
    </ClCompile>
    <ClCompile Include="RequestChat.cpp">
      <Filter>Source Files\Packets</Filter>
    </ClCompile>
    <ClCompile Include="RequestClientInfo.cpp">
      <Filter>Source Files\Packets</Filter>
    </ClCompile>
    <ClCompile Include="RequestCloseAutoTrade.cpp">
      <Filter>Source Files\Packets</Filter>
    </ClCompile>
    <ClCompile Include="RequestCollectDaily.cpp">
      <Filter>Source Files\Packets</Filter>
    </ClCompile>
    <ClCompile Include="RequestCommand.cpp">
      <Filter>Source Files\Packets</Filter>
    </ClCompile>
    <ClCompile Include="RequestCompounder.cpp">
      <Filter>Source Files\Packets</Filter>
    </ClCompile>
    <ClCompile Include="RequestCreateAutoTrade.cpp">
      <Filter>Source Files\Packets</Filter>
    </ClCompile>
    <ClCompile Include="RequestCreateChar.cpp">
      <Filter>Source Files\Packets</Filter>
    </ClCompile>
    <ClCompile Include="RequestDeclareWar.cpp">
      <Filter>Source Files\Packets</Filter>
    </ClCompile>
    <ClCompile Include="RequestDeleteChar.cpp">
      <Filter>Source Files\Packets</Filter>
    </ClCompile>
    <ClCompile Include="RequestDeleteItem.cpp">
      <Filter>Source Files\Packets</Filter>
    </ClCompile>
    <ClCompile Include="RequestDonateShop.cpp">
      <Filter>Source Files\Packets</Filter>
    </ClCompile>
    <ClCompile Include="RequestDropItem.cpp">
      <Filter>Source Files\Packets</Filter>
    </ClCompile>
    <ClCompile Include="RequestDuel.cpp">
      <Filter>Source Files\Packets</Filter>
    </ClCompile>
    <ClCompile Include="RequestEhre.cpp">
      <Filter>Source Files\Packets</Filter>
    </ClCompile>
    <ClCompile Include="RequestExitParty.cpp">
      <Filter>Source Files\Packets</Filter>
    </ClCompile>
    <ClCompile Include="RequestExtraction.cpp">
      <Filter>Source Files\Packets</Filter>
    </ClCompile>
    <ClCompile Include="RequestFriendList.cpp">
      <Filter>Source Files\Packets</Filter>
    </ClCompile>
    <ClCompile Include="RequestGriffinMaster.cpp">
      <Filter>Source Files\Packets</Filter>
    </ClCompile>
    <ClCompile Include="RequestKickMember.cpp">
      <Filter>Source Files\Packets</Filter>
    </ClCompile>
    <ClCompile Include="RequestLindy.cpp">
      <Filter>Source Files\Packets</Filter>
    </ClCompile>
    <ClCompile Include="RequestLogin.cpp">
      <Filter>Source Files\Packets</Filter>
    </ClCompile>
    <ClCompile Include="RequestMerchantNPC.cpp">
      <Filter>Source Files\Packets</Filter>
    </ClCompile>
    <ClCompile Include="RequestMotion.cpp">
      <Filter>Source Files\Packets</Filter>
    </ClCompile>
    <ClCompile Include="RequestMoveItem.cpp">
      <Filter>Source Files\Packets</Filter>
    </ClCompile>
    <ClCompile Include="RequestOdin.cpp">
      <Filter>Source Files\Packets</Filter>
    </ClCompile>
    <ClCompile Include="RequestOpenAutoTrade.cpp">
      <Filter>Source Files\Packets</Filter>
    </ClCompile>
    <ClCompile Include="RequestOpenGate.cpp">
      <Filter>Source Files\Packets</Filter>
    </ClCompile>
    <ClCompile Include="RequestOpenShop.cpp">
      <Filter>Source Files\Packets</Filter>
    </ClCompile>
    <ClCompile Include="RequestPickItem.cpp">
      <Filter>Source Files\Packets</Filter>
    </ClCompile>
    <ClCompile Include="RequestPremierStore.cpp">
      <Filter>Source Files\Packets</Filter>
    </ClCompile>
    <ClCompile Include="RequestPremierStoreBuy.cpp">
      <Filter>Source Files\Packets</Filter>
    </ClCompile>
    <ClCompile Include="RequestRecruitMember.cpp">
      <Filter>Source Files\Packets</Filter>
    </ClCompile>
    <ClCompile Include="RequestReqChallange.cpp">
      <Filter>Source Files\Packets</Filter>
    </ClCompile>
    <ClCompile Include="RequestRessuctPlayer.cpp">
      <Filter>Source Files\Packets</Filter>
    </ClCompile>
    <ClCompile Include="RequestSellShop.cpp">
      <Filter>Source Files\Packets</Filter>
    </ClCompile>
    <ClCompile Include="RequestShany.cpp">
      <Filter>Source Files\Packets</Filter>
    </ClCompile>
    <ClCompile Include="RequestTeleport.cpp">
      <Filter>Source Files\Packets</Filter>
    </ClCompile>
    <ClCompile Include="RequestTiny.cpp">
      <Filter>Source Files\Packets</Filter>
    </ClCompile>
    <ClCompile Include="RequestTrade.cpp">
      <Filter>Source Files\Packets</Filter>
    </ClCompile>
    <ClCompile Include="RequestTransferGold.cpp">
      <Filter>Source Files\Packets</Filter>
    </ClCompile>
    <ClCompile Include="RequestUngroupItem.cpp">
      <Filter>Source Files\Packets</Filter>
    </ClCompile>
    <ClCompile Include="RequestUseItem.cpp">
      <Filter>Source Files\Packets</Filter>
    </ClCompile>
    <ClCompile Include="RequestAlchemy.cpp">
      <Filter>Source Files\Packets</Filter>
    </ClCompile>
    <ClCompile Include="RequestRepurchase.cpp">
      <Filter>Source Files\Packets</Filter>
    </ClCompile>
    <ClCompile Include="MessageSender.cpp">
      <Filter>Source Files</Filter>
    </ClCompile>
    <ClCompile Include="..\..\Common\UOD_SEHTranslator.cpp">
      <Filter>Source Files</Filter>
    </ClCompile>
    <ClCompile Include="..\..\Common\pugixml.cpp">
      <Filter>Source Files\Common</Filter>
    </ClCompile>
    <ClCompile Include="RequestMsvfw32Info.cpp">
      <Filter>Source Files\Packets</Filter>
    </ClCompile>
    <ClCompile Include="AntiBotPacketTest.cpp">
      <Filter>Source Files\AntiBot</Filter>
    </ClCompile>
    <ClCompile Include="AntiBot.cpp">
      <Filter>Source Files\AntiBot</Filter>
    </ClCompile>
    <ClCompile Include="..\..\Common\UOD_GUID.cpp">
      <Filter>Source Files</Filter>
    </ClCompile>
    <ClCompile Include="HandleMacAddressIntegrity.cpp">
      <Filter>Source Files\Packets</Filter>
    </ClCompile>
    <ClCompile Include="..\..\Common\UOD_CRC32.cpp">
      <Filter>Header Files\Common</Filter>
    </ClCompile>
    <ClCompile Include="UOD_Event.cpp">
      <Filter>Source Files\Events</Filter>
    </ClCompile>
    <ClCompile Include="UOD_DuelLetter.cpp">
      <Filter>Source Files\Events</Filter>
    </ClCompile>
    <ClCompile Include="UOD_EventManager.cpp">
      <Filter>Source Files\Events</Filter>
    </ClCompile>
    <ClCompile Include="UOD_Quiz.cpp">
      <Filter>Source Files\Events</Filter>
    </ClCompile>
    <ClCompile Include="UOD_ChristmasTree.cpp">
      <Filter>Source Files\Events</Filter>
    </ClCompile>
    <ClCompile Include="UOD_ChristmasMission.cpp">
      <Filter>Source Files\Events</Filter>
    </ClCompile>
    <ClCompile Include="UOD_BossEvent.cpp">
      <Filter>Source Files\Events</Filter>
    </ClCompile>
    <ClCompile Include="UOD_Arena.cpp">
      <Filter>Source Files\Events</Filter>
    </ClCompile>
    <ClCompile Include="RequestAutoPartySetPassword.cpp">
      <Filter>Source Files\Packets</Filter>
    </ClCompile>
    <ClCompile Include="RequestAutoPartyAddRemoveName.cpp">
      <Filter>Source Files\Packets</Filter>
    </ClCompile>
    <ClCompile Include="RequestAutoPartyEnableAll.cpp">
      <Filter>Source Files\Packets</Filter>
    </ClCompile>
    <ClCompile Include="RequestAutoPartyEnterParty.cpp">
      <Filter>Source Files\Packets</Filter>
    </ClCompile>
    <ClCompile Include="UOD_Mission.cpp">
      <Filter>Source Files\Events</Filter>
    </ClCompile>
    <ClCompile Include="RequestAcceptRejectMission.cpp">
      <Filter>Source Files\Packets</Filter>
    </ClCompile>
    <ClCompile Include="RequestCollectMission.cpp">
      <Filter>Source Files\Packets</Filter>
    </ClCompile>
    <ClCompile Include="RequestSealInfo.cpp">
      <Filter>Source Files\Packets</Filter>
    </ClCompile>
    <ClCompile Include="RequestPutOutSeal.cpp">
      <Filter>Source Files\Packets</Filter>
    </ClCompile>
    <ClCompile Include="RequestBuyRvRStore.cpp">
      <Filter>Source Files\Packets</Filter>
    </ClCompile>
    <ClCompile Include="HandleModulesInfo.cpp">
      <Filter>Source Files\Packets</Filter>
    </ClCompile>
    <ClCompile Include="UOD_PreWarBoss.cpp">
      <Filter>Source Files\Events</Filter>
    </ClCompile>
    <ClCompile Include="UOD_DroplistGenerator.cpp">
      <Filter>Source Files</Filter>
    </ClCompile>
    <ClCompile Include="RequestEssenceUse.cpp">
      <Filter>Source Files\Packets</Filter>
    </ClCompile>
    <ClCompile Include="..\..\Common\UOD_Log.cpp">
      <Filter>Source Files</Filter>
    </ClCompile>
    <ClCompile Include="ItemsAction.cpp">
      <Filter>Source Files\Items</Filter>
    </ClCompile>
    <ClCompile Include="RequestAdminCommand.cpp">
      <Filter>Source Files\Packets</Filter>
    </ClCompile>
    <ClCompile Include="RequestAcceptRecruit.cpp">
      <Filter>Source Files\Packets</Filter>
    </ClCompile>
    <ClCompile Include="RequestNightmareAccept.cpp">
      <Filter>Source Files\Packets</Filter>
    </ClCompile>
    <ClCompile Include="RequestRedeemGriffin.cpp">
      <Filter>Source Files\Packets</Filter>
    </ClCompile>
    <ClCompile Include="UOD_HappyHarvest.cpp">
      <Filter>Source Files\Events</Filter>
    </ClCompile>
    <ClCompile Include="NewShopDonate.cpp">
      <Filter>Source Files</Filter>
    </ClCompile>
  </ItemGroup>
  <ItemGroup>
    <Text Include="Language.txt">
      <Filter>Source Files</Filter>
    </Text>
  </ItemGroup>
  <ItemGroup>
    <ResourceCompile Include="GameServer.rc">
      <Filter>Resource Files</Filter>
    </ResourceCompile>
  </ItemGroup>
</Project>